
Microsoft Visual Studio Solution File, Format Version 12.00
# Visual Studio Version 16
VisualStudioVersion = 16.0.29411.108
MinimumVisualStudioVersion = 10.0.40219.1
Project("{FAE04EC0-301F-11D3-BF4B-00C04F79EFBC}") = "Prova Pratica", "Prova Pratica\Prova Pratica.csproj", "{7525B724-EC58-4CBE-8E91-60B891169E98}"
EndProject
Project("{FAE04EC0-301F-11D3-BF4B-00C04F79EFBC}") = "Calcolo Area", "Calcolo Area\Calcolo Area.csproj", "{EB555E46-07FA-4E7A-9ACE-98A21BEF2975}"
EndProject
Global
	GlobalSection(SolutionConfigurationPlatforms) = preSolution
		Debug|Any CPU = Debug|Any CPU
		Release|Any CPU = Release|Any CPU
	EndGlobalSection
	GlobalSection(ProjectConfigurationPlatforms) = postSolution
		{7525B724-EC58-4CBE-8E91-60B891169E98}.Debug|Any CPU.ActiveCfg = Debug|Any CPU
		{7525B724-EC58-4CBE-8E91-60B891169E98}.Debug|Any CPU.Build.0 = Debug|Any CPU
		{7525B724-EC58-4CBE-8E91-60B891169E98}.Release|Any CPU.ActiveCfg = Release|Any CPU
		{7525B724-EC58-4CBE-8E91-60B891169E98}.Release|Any CPU.Build.0 = Release|Any CPU
		{EB555E46-07FA-4E7A-9ACE-98A21BEF2975}.Debug|Any CPU.ActiveCfg = Debug|Any CPU
		{EB555E46-07FA-4E7A-9ACE-98A21BEF2975}.Debug|Any CPU.Build.0 = Debug|Any CPU
		{EB555E46-07FA-4E7A-9ACE-98A21BEF2975}.Release|Any CPU.ActiveCfg = Release|Any CPU
		{EB555E46-07FA-4E7A-9ACE-98A21BEF2975}.Release|Any CPU.Build.0 = Release|Any CPU
	EndGlobalSection
	GlobalSection(SolutionProperties) = preSolution
		HideSolutionNode = FALSE
	EndGlobalSection
	GlobalSection(ExtensibilityGlobals) = postSolution
		SolutionGuid = {CAEC2FE1-7669-44ED-9B38-E1D47C7535D4}
	EndGlobalSection
EndGlobal
